// !$*UTF8*$!
{
	archiveVersion = 1;
	classes = {
	};
	objectVersion = 54;
	objects = {

/* Begin PBXBuildFile section */
		162E9E9D1DDBE25C00141105 /* AppDelegate.swift in Sources */ = {isa = PBXBuildFile; fileRef = 162E9E9C1DDBE25C00141105 /* AppDelegate.swift */; };
		162E9EA41DDBE25C00141105 /* Assets.xcassets in Resources */ = {isa = PBXBuildFile; fileRef = 162E9EA31DDBE25C00141105 /* Assets.xcassets */; };
		162E9EA71DDBE25C00141105 /* LaunchScreen.storyboard in Resources */ = {isa = PBXBuildFile; fileRef = 162E9EA51DDBE25C00141105 /* LaunchScreen.storyboard */; };
		16752CF61E6C3C7100B8B334 /* BaseViewController.swift in Sources */ = {isa = PBXBuildFile; fileRef = 16752CF21E6C3C7100B8B334 /* BaseViewController.swift */; };
		16752CF71E6C3C7100B8B334 /* ViewController1.swift in Sources */ = {isa = PBXBuildFile; fileRef = 16752CF31E6C3C7100B8B334 /* ViewController1.swift */; };
		16752CF81E6C3C7100B8B334 /* ViewController2.swift in Sources */ = {isa = PBXBuildFile; fileRef = 16752CF41E6C3C7100B8B334 /* ViewController2.swift */; };
		16752CF91E6C3C7100B8B334 /* ViewController3.swift in Sources */ = {isa = PBXBuildFile; fileRef = 16752CF51E6C3C7100B8B334 /* ViewController3.swift */; };
		16752CFB1E6C3C8100B8B334 /* Main.storyboard in Resources */ = {isa = PBXBuildFile; fileRef = 16752CFA1E6C3C8100B8B334 /* Main.storyboard */; };
/* End PBXBuildFile section */

/* Begin PBXFileReference section */
		162E9E991DDBE25C00141105 /* ChildViewSwapping.app */ = {isa = PBXFileReference; explicitFileType = wrapper.application; includeInIndex = 0; path = ChildViewSwapping.app; sourceTree = BUILT_PRODUCTS_DIR; };
		162E9E9C1DDBE25C00141105 /* AppDelegate.swift */ = {isa = PBXFileReference; lastKnownFileType = sourcecode.swift; path = AppDelegate.swift; sourceTree = "<group>"; };
		162E9EA31DDBE25C00141105 /* Assets.xcassets */ = {isa = PBXFileReference; lastKnownFileType = folder.assetcatalog; path = Assets.xcassets; sourceTree = "<group>"; };
		162E9EA61DDBE25C00141105 /* Base */ = {isa = PBXFileReference; lastKnownFileType = file.storyboard; name = Base; path = Base.lproj/LaunchScreen.storyboard; sourceTree = "<group>"; };
		162E9EA81DDBE25C00141105 /* Info.plist */ = {isa = PBXFileReference; lastKnownFileType = text.plist.xml; path = Info.plist; sourceTree = "<group>"; };
		16752CF21E6C3C7100B8B334 /* BaseViewController.swift */ = {isa = PBXFileReference; fileEncoding = 4; lastKnownFileType = sourcecode.swift; path = BaseViewController.swift; sourceTree = "<group>"; };
		16752CF31E6C3C7100B8B334 /* ViewController1.swift */ = {isa = PBXFileReference; fileEncoding = 4; lastKnownFileType = sourcecode.swift; path = ViewController1.swift; sourceTree = "<group>"; };
		16752CF41E6C3C7100B8B334 /* ViewController2.swift */ = {isa = PBXFileReference; fileEncoding = 4; lastKnownFileType = sourcecode.swift; path = ViewController2.swift; sourceTree = "<group>"; };
		16752CF51E6C3C7100B8B334 /* ViewController3.swift */ = {isa = PBXFileReference; fileEncoding = 4; lastKnownFileType = sourcecode.swift; path = ViewController3.swift; sourceTree = "<group>"; };
		16752CFA1E6C3C8100B8B334 /* Main.storyboard */ = {isa = PBXFileReference; fileEncoding = 4; lastKnownFileType = file.storyboard; path = Main.storyboard; sourceTree = "<group>"; };
/* End PBXFileReference section */

/* Begin PBXFrameworksBuildPhase section */
		162E9E961DDBE25C00141105 /* Frameworks */ = {
			isa = PBXFrameworksBuildPhase;
			buildActionMask = 2147483647;
			files = (
			);
			runOnlyForDeploymentPostprocessing = 0;
		};
/* End PBXFrameworksBuildPhase section */

/* Begin PBXGroup section */
		162E9E901DDBE25C00141105 = {
			isa = PBXGroup;
			children = (
				162E9E9B1DDBE25C00141105 /* ChildViewSwapping */,
				162E9E9A1DDBE25C00141105 /* Products */,
			);
			sourceTree = "<group>";
		};
		162E9E9A1DDBE25C00141105 /* Products */ = {
			isa = PBXGroup;
			children = (
				162E9E991DDBE25C00141105 /* ChildViewSwapping.app */,
			);
			name = Products;
			sourceTree = "<group>";
		};
		162E9E9B1DDBE25C00141105 /* ChildViewSwapping */ = {
			isa = PBXGroup;
			children = (
				16752CFA1E6C3C8100B8B334 /* Main.storyboard */,
				162E9E9C1DDBE25C00141105 /* AppDelegate.swift */,
				16752CF21E6C3C7100B8B334 /* BaseViewController.swift */,
				16752CF31E6C3C7100B8B334 /* ViewController1.swift */,
				16752CF41E6C3C7100B8B334 /* ViewController2.swift */,
				16752CF51E6C3C7100B8B334 /* ViewController3.swift */,
				162E9EA31DDBE25C00141105 /* Assets.xcassets */,
				162E9EA51DDBE25C00141105 /* LaunchScreen.storyboard */,
				162E9EA81DDBE25C00141105 /* Info.plist */,
			);
			path = ChildViewSwapping;
			sourceTree = "<group>";
		};
/* End PBXGroup section */

/* Begin PBXNativeTarget section */
		162E9E981DDBE25C00141105 /* ChildViewSwapping */ = {
			isa = PBXNativeTarget;
			buildConfigurationList = 162E9EAB1DDBE25C00141105 /* Build configuration list for PBXNativeTarget "ChildViewSwapping" */;
			buildPhases = (
				162E9E951DDBE25C00141105 /* Sources */,
				162E9E961DDBE25C00141105 /* Frameworks */,
				162E9E971DDBE25C00141105 /* Resources */,
			);
			buildRules = (
			);
			dependencies = (
			);
			name = ChildViewSwapping;
			productName = ChildViewSwapping;
			productReference = 162E9E991DDBE25C00141105 /* ChildViewSwapping.app */;
			productType = "com.apple.product-type.application";
		};
/* End PBXNativeTarget section */

/* Begin PBXProject section */
		162E9E911DDBE25C00141105 /* Project object */ = {
			isa = PBXProject;
			attributes = {
				BuildIndependentTargetsInParallel = YES;
				LastSwiftUpdateCheck = 0730;
				LastUpgradeCheck = 2650;
				ORGANIZATIONNAME = "Prakash Maharjan";
				TargetAttributes = {
					162E9E981DDBE25C00141105 = {
						CreatedOnToolsVersion = 7.3.1;
						DevelopmentTeam = C2W3V35W5N;
						LastSwiftMigration = 1020;
					};
				};
			};
			buildConfigurationList = 162E9E941DDBE25C00141105 /* Build configuration list for PBXProject "ChildViewSwapping" */;
			compatibilityVersion = "Xcode 3.2";
			developmentRegion = en;
			hasScannedForEncodings = 0;
			knownRegions = (
				en,
				Base,
			);
			mainGroup = 162E9E901DDBE25C00141105;
			productRefGroup = 162E9E9A1DDBE25C00141105 /* Products */;
			projectDirPath = "";
			projectRoot = "";
			targets = (
				162E9E981DDBE25C00141105 /* ChildViewSwapping */,
			);
		};
/* End PBXProject section */

/* Begin PBXResourcesBuildPhase section */
		162E9E971DDBE25C00141105 /* Resources */ = {
			isa = PBXResourcesBuildPhase;
			buildActionMask = 2147483647;
			files = (
				16752CFB1E6C3C8100B8B334 /* Main.storyboard in Resources */,
				162E9EA71DDBE25C00141105 /* LaunchScreen.storyboard in Resources */,
				162E9EA41DDBE25C00141105 /* Assets.xcassets in Resources */,
			);
			runOnlyForDeploymentPostprocessing = 0;
		};
/* End PBXResourcesBuildPhase section */

/* Begin PBXSourcesBuildPhase section */
		162E9E951DDBE25C00141105 /* Sources */ = {
			isa = PBXSourcesBuildPhase;
			buildActionMask = 2147483647;
			files = (
				16752CF91E6C3C7100B8B334 /* ViewController3.swift in Sources */,
				16752CF71E6C3C7100B8B334 /* ViewController1.swift in Sources */,
				16752CF81E6C3C7100B8B334 /* ViewController2.swift in Sources */,
				162E9E9D1DDBE25C00141105 /* AppDelegate.swift in Sources */,
				16752CF61E6C3C7100B8B334 /* BaseViewController.swift in Sources */,
			);
			runOnlyForDeploymentPostprocessing = 0;
		};
/* End PBXSourcesBuildPhase section */

/* Begin PBXVariantGroup section */
		162E9EA51DDBE25C00141105 /* LaunchScreen.storyboard */ = {
			isa = PBXVariantGroup;
			children = (
				162E9EA61DDBE25C00141105 /* Base */,
			);
			name = LaunchScreen.storyboard;
			sourceTree = "<group>";
		};
/* End PBXVariantGroup section */

/* Begin XCBuildConfiguration section */
		162E9EA91DDBE25C00141105 /* Debug */ = {
			isa = XCBuildConfiguration;
			buildSettings = {
				ALWAYS_SEARCH_USER_PATHS = NO;
				CLANG_ANALYZER_LOCALIZABILITY_NONLOCALIZED = YES;
				CLANG_ANALYZER_NONNULL = YES;
				CLANG_CXX_LANGUAGE_STANDARD = "gnu++0x";
				CLANG_CXX_LIBRARY = "libc++";
				CLANG_ENABLE_MODULES = YES;
				CLANG_ENABLE_OBJC_ARC = YES;
				CLANG_WARN_BLOCK_CAPTURE_AUTORELEASING = YES;
				CLANG_WARN_BOOL_CONVERSION = YES;
				CLANG_WARN_COMMA = YES;
				CLANG_WARN_CONSTANT_CONVERSION = YES;
				CLANG_WARN_DEPRECATED_OBJC_IMPLEMENTATIONS = YES;
				CLANG_WARN_DIRECT_OBJC_ISA_USAGE = YES_ERROR;
				CLANG_WARN_EMPTY_BODY = YES;
				CLANG_WARN_ENUM_CONVERSION = YES;
				CLANG_WARN_INFINITE_RECURSION = YES;
				CLANG_WARN_INT_CONVERSION = YES;
				CLANG_WARN_NON_LITERAL_NULL_CONVERSION = YES;
				CLANG_WARN_OBJC_IMPLICIT_RETAIN_SELF = YES;
				CLANG_WARN_OBJC_LITERAL_CONVERSION = YES;
				CLANG_WARN_OBJC_ROOT_CLASS = YES_ERROR;
				CLANG_WARN_QUOTED_INCLUDE_IN_FRAMEWORK_HEADER = YES;
				CLANG_WARN_RANGE_LOOP_ANALYSIS = YES;
				CLANG_WARN_STRICT_PROTOTYPES = YES;
				CLANG_WARN_SUSPICIOUS_MOVE = YES;
				CLANG_WARN_UNREACHABLE_CODE = YES;
				CLANG_WARN__DUPLICATE_METHOD_MATCH = YES;
				"CODE_SIGN_IDENTITY[sdk=iphoneos*]" = "iPhone Developer";
				COPY_PHASE_STRIP = NO;
				DEBUG_INFORMATION_FORMAT = dwarf;
				ENABLE_STRICT_OBJC_MSGSEND = YES;
				ENABLE_TESTABILITY = YES;
				ENABLE_USER_SCRIPT_SANDBOXING = YES;
				GCC_C_LANGUAGE_STANDARD = gnu99;
				GCC_DYNAMIC_NO_PIC = NO;
				GCC_NO_COMMON_BLOCKS = YES;
				GCC_OPTIMIZATION_LEVEL = 0;
				GCC_PREPROCESSOR_DEFINITIONS = (
					"DEBUG=1",
					"$(inherited)",
				);
				GCC_WARN_64_TO_32_BIT_CONVERSION = YES;
				GCC_WARN_ABOUT_RETURN_TYPE = YES_ERROR;
				GCC_WARN_UNDECLARED_SELECTOR = YES;
				GCC_WARN_UNINITIALIZED_AUTOS = YES_AGGRESSIVE;
				GCC_WARN_UNUSED_FUNCTION = YES;
				GCC_WARN_UNUSED_VARIABLE = YES;
				IPHONEOS_DEPLOYMENT_TARGET = 12.0;
				MTL_ENABLE_DEBUG_INFO = YES;
				ONLY_ACTIVE_ARCH = YES;
				SDKROOT = iphoneos;
				STRING_CATALOG_GENERATE_SYMBOLS = YES;
				SWIFT_OPTIMIZATION_LEVEL = "-Onone";
				SWIFT_VERSION = 6.0;
				TARGETED_DEVICE_FAMILY = "1,2";
			};
			name = Debug;
		};
		162E9EAA1DDBE25C00141105 /* Release */ = {
			isa = XCBuildConfiguration;
			buildSettings = {
				ALWAYS_SEARCH_USER_PATHS = NO;
				CLANG_ANALYZER_LOCALIZABILITY_NONLOCALIZED = YES;
				CLANG_ANALYZER_NONNULL = YES;
				CLANG_CXX_LANGUAGE_STANDARD = "gnu++0x";
				CLANG_CXX_LIBRARY = "libc++";
				CLANG_ENABLE_MODULES = YES;
				CLANG_ENABLE_OBJC_ARC = YES;
				CLANG_WARN_BLOCK_CAPTURE_AUTORELEASING = YES;
				CLANG_WARN_BOOL_CONVERSION = YES;
				CLANG_WARN_COMMA = YES;
				CLANG_WARN_CONSTANT_CONVERSION = YES;
				CLANG_WARN_DEPRECATED_OBJC_IMPLEMENTATIONS = YES;
				CLANG_WARN_DIRECT_OBJC_ISA_USAGE = YES_ERROR;
				CLANG_WARN_EMPTY_BODY = YES;
				CLANG_WARN_ENUM_CONVERSION = YES;
				CLANG_WARN_INFINITE_RECURSION = YES;
				CLANG_WARN_INT_CONVERSION = YES;
				CLANG_WARN_NON_LITERAL_NULL_CONVERSION = YES;
				CLANG_WARN_OBJC_IMPLICIT_RETAIN_SELF = YES;
				CLANG_WARN_OBJC_LITERAL_CONVERSION = YES;
				CLANG_WARN_OBJC_ROOT_CLASS = YES_ERROR;
				CLANG_WARN_QUOTED_INCLUDE_IN_FRAMEWORK_HEADER = YES;
				CLANG_WARN_RANGE_LOOP_ANALYSIS = YES;
				CLANG_WARN_STRICT_PROTOTYPES = YES;
				CLANG_WARN_SUSPICIOUS_MOVE = YES;
				CLANG_WARN_UNREACHABLE_CODE = YES;
				CLANG_WARN__DUPLICATE_METHOD_MATCH = YES;
				"CODE_SIGN_IDENTITY[sdk=iphoneos*]" = "iPhone Developer";
				COPY_PHASE_STRIP = NO;
				DEBUG_INFORMATION_FORMAT = "dwarf-with-dsym";
				ENABLE_NS_ASSERTIONS = NO;
				ENABLE_STRICT_OBJC_MSGSEND = YES;
				ENABLE_USER_SCRIPT_SANDBOXING = YES;
				GCC_C_LANGUAGE_STANDARD = gnu99;
				GCC_NO_COMMON_BLOCKS = YES;
				GCC_WARN_64_TO_32_BIT_CONVERSION = YES;
				GCC_WARN_ABOUT_RETURN_TYPE = YES_ERROR;
				GCC_WARN_UNDECLARED_SELECTOR = YES;
				GCC_WARN_UNINITIALIZED_AUTOS = YES_AGGRESSIVE;
				GCC_WARN_UNUSED_FUNCTION = YES;
				GCC_WARN_UNUSED_VARIABLE = YES;
				IPHONEOS_DEPLOYMENT_TARGET = 12.0;
				MTL_ENABLE_DEBUG_INFO = NO;
				SDKROOT = iphoneos;
				STRING_CATALOG_GENERATE_SYMBOLS = YES;
				SWIFT_COMPILATION_MODE = wholemodule;
				SWIFT_OPTIMIZATION_LEVEL = "-O";
				SWIFT_VERSION = 6.0;
				TARGETED_DEVICE_FAMILY = "1,2";
				VALIDATE_PRODUCT = YES;
			};
			name = Release;
		};
		162E9EAC1DDBE25C00141105 /* Debug */ = {
			isa = XCBuildConfiguration;
			buildSettings = {
				ASSETCATALOG_COMPILER_APPICON_NAME = AppIcon;
				INFOPLIST_FILE = ChildViewSwapping/Info.plist;
				LD_RUNPATH_SEARCH_PATHS = (
					"$(inherited)",
					"@executable_path/Frameworks",
				);
				PRODUCT_BUNDLE_IDENTIFIER = com.prakashmaharjan.ChildViewSwapping;
				PRODUCT_NAME = "$(TARGET_NAME)";
				SWIFT_VERSION = 6.0;
			};
			name = Debug;
		};
		162E9EAD1DDBE25C00141105 /* Release */ = {
			isa = XCBuildConfiguration;
			buildSettings = {
				ASSETCATALOG_COMPILER_APPICON_NAME = AppIcon;
				INFOPLIST_FILE = ChildViewSwapping/Info.plist;
				LD_RUNPATH_SEARCH_PATHS = (
					"$(inherited)",
					"@executable_path/Frameworks",
				);
				PRODUCT_BUNDLE_IDENTIFIER = com.prakashmaharjan.ChildViewSwapping;
				PRODUCT_NAME = "$(TARGET_NAME)";
				SWIFT_VERSION = 6.0;
			};
			name = Release;
		};
/* End XCBuildConfiguration section */

/* Begin XCConfigurationList section */
		162E9E941DDBE25C00141105 /* Build configuration list for PBXProject "ChildViewSwapping" */ = {
			isa = XCConfigurationList;
			buildConfigurations = (
				162E9EA91DDBE25C00141105 /* Debug */,
				162E9EAA1DDBE25C00141105 /* Release */,
			);
			defaultConfigurationIsVisible = 0;
			defaultConfigurationName = Release;
		};
		162E9EAB1DDBE25C00141105 /* Build configuration list for PBXNativeTarget "ChildViewSwapping" */ = {
			isa = XCConfigurationList;
			buildConfigurations = (
				162E9EAC1DDBE25C00141105 /* Debug */,
				162E9EAD1DDBE25C00141105 /* Release */,
			);
			defaultConfigurationIsVisible = 0;
			defaultConfigurationName = Release;
		};
/* End XCConfigurationList section */
	};
	rootObject = 162E9E911DDBE25C00141105 /* Project object */;
}
